
Microsoft Visual Studio Solution File, Format Version 12.00
# Visual Studio Version 16
VisualStudioVersion = 16.0.29609.76
MinimumVisualStudioVersion = 10.0.40219.1
Project("{8BC9CEB8-8B4A-11D0-8D11-00A0C91BC942}") = "WeakStrongCPU", "WeakStrongCPU\WeakStrongCPU.vcxproj", "{4BCF32FC-3FF3-4376-9792-D8F8B1C22FDD}"
EndProject
Project("{8BC9CEB8-8B4A-11D0-8D11-00A0C91BC942}") = "SimpleMC", "SimpleMC\SimpleMC.vcxproj", "{A3595884-CDD2-4868-9291-9697CCC128F5}"
EndProject
Global
	GlobalSection(SolutionConfigurationPlatforms) = preSolution
		Debug|x64 = Debug|x64
		Debug|x86 = Debug|x86
		Release|x64 = Release|x64
		Release|x86 = Release|x86
	EndGlobalSection
	GlobalSection(ProjectConfigurationPlatforms) = postSolution
		{4BCF32FC-3FF3-4376-9792-D8F8B1C22FDD}.Debug|x64.ActiveCfg = Debug|x64
		{4BCF32FC-3FF3-4376-9792-D8F8B1C22FDD}.Debug|x64.Build.0 = Debug|x64
		{4BCF32FC-3FF3-4376-9792-D8F8B1C22FDD}.Debug|x86.ActiveCfg = Debug|Win32
		{4BCF32FC-3FF3-4376-9792-D8F8B1C22FDD}.Debug|x86.Build.0 = Debug|Win32
		{4BCF32FC-3FF3-4376-9792-D8F8B1C22FDD}.Release|x64.ActiveCfg = Release|x64
		{4BCF32FC-3FF3-4376-9792-D8F8B1C22FDD}.Release|x64.Build.0 = Release|x64
		{4BCF32FC-3FF3-4376-9792-D8F8B1C22FDD}.Release|x86.ActiveCfg = Release|Win32
		{4BCF32FC-3FF3-4376-9792-D8F8B1C22FDD}.Release|x86.Build.0 = Release|Win32
		{A3595884-CDD2-4868-9291-9697CCC128F5}.Debug|x64.ActiveCfg = Debug|x64
		{A3595884-CDD2-4868-9291-9697CCC128F5}.Debug|x64.Build.0 = Debug|x64
		{A3595884-CDD2-4868-9291-9697CCC128F5}.Debug|x86.ActiveCfg = Debug|Win32
		{A3595884-CDD2-4868-9291-9697CCC128F5}.Debug|x86.Build.0 = Debug|Win32
		{A3595884-CDD2-4868-9291-9697CCC128F5}.Release|x64.ActiveCfg = Release|x64
		{A3595884-CDD2-4868-9291-9697CCC128F5}.Release|x64.Build.0 = Release|x64
		{A3595884-CDD2-4868-9291-9697CCC128F5}.Release|x86.ActiveCfg = Release|Win32
		{A3595884-CDD2-4868-9291-9697CCC128F5}.Release|x86.Build.0 = Release|Win32
	EndGlobalSection
	GlobalSection(SolutionProperties) = preSolution
		HideSolutionNode = FALSE
	EndGlobalSection
	GlobalSection(ExtensibilityGlobals) = postSolution
		SolutionGuid = {226FF7B6-6413-491A-8F52-5C07B157D294}
	EndGlobalSection
EndGlobal
