<?xml version="1.0" encoding="utf-8"?>
<Project ToolsVersion="4.0" xmlns="http://schemas.microsoft.com/developer/msbuild/2003">
  <ItemGroup>
    <Filter Include="Headers">
      <UniqueIdentifier>{73210d61-b5a5-422f-8f83-d111ff2dfd0a}</UniqueIdentifier>
    </Filter>
    <Filter Include="Source">
      <UniqueIdentifier>{e476b3c9-0a30-415d-a1d7-ca63696cea2f}</UniqueIdentifier>
    </Filter>
    <Filter Include="Miscellaneous">
      <UniqueIdentifier>{a31d6432-9192-4ebb-8e24-297cf40c97c0}</UniqueIdentifier>
    </Filter>
  </ItemGroup>
  <ItemGroup>
    <CudaCompile Include="SimpleCUDAMC.cu">
      <Filter>Source</Filter>
    </CudaCompile>
    <CudaCompile Include="kernel.cu">
      <Filter>Source</Filter>
    </CudaCompile>
  </ItemGroup>
  <ItemGroup>
    <ClInclude Include="ReturnValues.h">
      <Filter>Headers</Filter>
    </ClInclude>
    <ClInclude Include="kernel.cuh">
      <Filter>Headers</Filter>
    </ClInclude>
  </ItemGroup>
  <ItemGroup>
    <None Include="Makefile">
      <Filter>Miscellaneous</Filter>
    </None>
  </ItemGroup>
</Project>