<?xml version="1.0" encoding="utf-8"?>
<Project ToolsVersion="4.0" xmlns="http://schemas.microsoft.com/developer/msbuild/2003">
  <ItemGroup>
    <Filter Include="Source">
      <UniqueIdentifier>{04cb4df9-bd22-49aa-a716-19ef8e2aa20c}</UniqueIdentifier>
    </Filter>
    <Filter Include="Miscellaneous">
      <UniqueIdentifier>{2d7ba514-0495-4705-a815-4dc94e775bad}</UniqueIdentifier>
    </Filter>
    <Filter Include="Headers">
      <UniqueIdentifier>{8c250f2d-739a-412d-ab18-9e81e8955991}</UniqueIdentifier>
    </Filter>
  </ItemGroup>
  <ItemGroup>
    <ClCompile Include="WeakStrongCPU.cpp">
      <Filter>Source</Filter>
    </ClCompile>
  </ItemGroup>
  <ItemGroup>
    <None Include="Makefile">
      <Filter>Miscellaneous</Filter>
    </None>
    <None Include="README.md">
      <Filter>Miscellaneous</Filter>
    </None>
  </ItemGroup>
  <ItemGroup>
    <ClInclude Include="ReturnValues.h">
      <Filter>Headers</Filter>
    </ClInclude>
  </ItemGroup>
</Project>